# THIS IS AN AUTOGENERATED FILE. DO NOT EDIT THIS FILE DIRECTLY.
# yarn lockfile v1


maptalks.wmts@^1.0.0:
  version "1.0.0"
  resolved "https://registry.yarnpkg.com/maptalks.wmts/-/maptalks.wmts-1.0.0.tgz#1ba19fab9d96cbb8c1334dca8856b0bbaa77be61"
  integrity sha512-tAbvfSxI4WT1eFnKrg/DnP+IUJuu0TKZQb7l9pXIzw/ZcXFEkCiLci8NfTRxB4grTJQ1lEU0FwKFft3xVcYKFA==
